
Microsoft Visual Studio Solution File, Format Version 12.00
# Visual Studio 2013
VisualStudioVersion = 12.0.30324.0
MinimumVisualStudioVersion = 10.0.40219.1
Project("{FAE04EC0-301F-11D3-BF4B-00C04F79EFBC}") = "School", "School\School.csproj", "{13DC120C-0D4B-4CAE-B1F4-59B8BD0D2F33}"
EndProject
Project("{FAE04EC0-301F-11D3-BF4B-00C04F79EFBC}") = "School.Tests", "School.Tests\School.Tests.csproj", "{FE54AFCA-20E6-4CD9-B277-1205C6F88D4C}"
EndProject
Global
	GlobalSection(SolutionConfigurationPlatforms) = preSolution
		Debug|Any CPU = Debug|Any CPU
		Release|Any CPU = Release|Any CPU
	EndGlobalSection
	GlobalSection(ProjectConfigurationPlatforms) = postSolution
		{13DC120C-0D4B-4CAE-B1F4-59B8BD0D2F33}.Debug|Any CPU.ActiveCfg = Debug|Any CPU
		{13DC120C-0D4B-4CAE-B1F4-59B8BD0D2F33}.Debug|Any CPU.Build.0 = Debug|Any CPU
		{13DC120C-0D4B-4CAE-B1F4-59B8BD0D2F33}.Release|Any CPU.ActiveCfg = Release|Any CPU
		{13DC120C-0D4B-4CAE-B1F4-59B8BD0D2F33}.Release|Any CPU.Build.0 = Release|Any CPU
		{FE54AFCA-20E6-4CD9-B277-1205C6F88D4C}.Debug|Any CPU.ActiveCfg = Debug|Any CPU
		{FE54AFCA-20E6-4CD9-B277-1205C6F88D4C}.Debug|Any CPU.Build.0 = Debug|Any CPU
		{FE54AFCA-20E6-4CD9-B277-1205C6F88D4C}.Release|Any CPU.ActiveCfg = Release|Any CPU
		{FE54AFCA-20E6-4CD9-B277-1205C6F88D4C}.Release|Any CPU.Build.0 = Release|Any CPU
	EndGlobalSection
	GlobalSection(SolutionProperties) = preSolution
		HideSolutionNode = FALSE
	EndGlobalSection
EndGlobal
