
Microsoft Visual Studio Solution File, Format Version 12.00
# Visual Studio 2012
Project("{FAE04EC0-301F-11D3-BF4B-00C04F79EFBC}") = "1DecimalToBinary", "1DecimalToBinary\1DecimalToBinary.csproj", "{C4EA6321-FCC8-4F43-A636-66D5AA16ED80}"
EndProject
Project("{FAE04EC0-301F-11D3-BF4B-00C04F79EFBC}") = "2BinaryToDecimal", "2BinaryToDecimal\2BinaryToDecimal.csproj", "{E2F97FAF-61E0-4A87-A318-CA96D7B19EFA}"
EndProject
Project("{FAE04EC0-301F-11D3-BF4B-00C04F79EFBC}") = "3DecimalTohexadecimal", "3DecimalTohexadecimal\3DecimalTohexadecimal.csproj", "{E5E6A7F8-A312-4489-A957-CAC0DF9738EC}"
EndProject
Project("{FAE04EC0-301F-11D3-BF4B-00C04F79EFBC}") = "4HexadacimalToDecimal", "4HexadacimalToDecimal\4HexadacimalToDecimal.csproj", "{3AEE3BC9-32FA-446B-B523-A1729E6165BC}"
EndProject
Project("{FAE04EC0-301F-11D3-BF4B-00C04F79EFBC}") = "5HexadecimalToBinary", "5HexadecimalToBinary\5HexadecimalToBinary.csproj", "{D5FFA362-307F-4112-AC68-6C7B1CE8FA72}"
EndProject
Project("{FAE04EC0-301F-11D3-BF4B-00C04F79EFBC}") = "6BinaryToHexaddecimal", "7BinaryToHexaddecimal\6BinaryToHexaddecimal.csproj", "{6B9C2561-9DF2-4F92-8DFE-BE499ADE4456}"
EndProject
Project("{FAE04EC0-301F-11D3-BF4B-00C04F79EFBC}") = "7ConvertFromOneToAnatherNumeralSystem", "7ConvertFromOneToAnatherNumeralSystem\7ConvertFromOneToAnatherNumeralSystem.csproj", "{134081D3-A5A5-4055-B82B-B19AF4FB2D8B}"
EndProject
Project("{FAE04EC0-301F-11D3-BF4B-00C04F79EFBC}") = "8Show16BitNumber", "8Show16BitNumber\8Show16BitNumber.csproj", "{E8E6D30B-3211-4DA7-A76A-4651B30E3374}"
EndProject
Project("{FAE04EC0-301F-11D3-BF4B-00C04F79EFBC}") = "9FloatingPointNumbers", "9FloatingPointNumbers\9FloatingPointNumbers.csproj", "{BD27636B-46AF-47CA-BC45-4732ED56287D}"
EndProject
Global
	GlobalSection(SolutionConfigurationPlatforms) = preSolution
		Debug|Any CPU = Debug|Any CPU
		Release|Any CPU = Release|Any CPU
	EndGlobalSection
	GlobalSection(ProjectConfigurationPlatforms) = postSolution
		{C4EA6321-FCC8-4F43-A636-66D5AA16ED80}.Debug|Any CPU.ActiveCfg = Debug|Any CPU
		{C4EA6321-FCC8-4F43-A636-66D5AA16ED80}.Debug|Any CPU.Build.0 = Debug|Any CPU
		{C4EA6321-FCC8-4F43-A636-66D5AA16ED80}.Release|Any CPU.ActiveCfg = Release|Any CPU
		{C4EA6321-FCC8-4F43-A636-66D5AA16ED80}.Release|Any CPU.Build.0 = Release|Any CPU
		{E2F97FAF-61E0-4A87-A318-CA96D7B19EFA}.Debug|Any CPU.ActiveCfg = Debug|Any CPU
		{E2F97FAF-61E0-4A87-A318-CA96D7B19EFA}.Debug|Any CPU.Build.0 = Debug|Any CPU
		{E2F97FAF-61E0-4A87-A318-CA96D7B19EFA}.Release|Any CPU.ActiveCfg = Release|Any CPU
		{E2F97FAF-61E0-4A87-A318-CA96D7B19EFA}.Release|Any CPU.Build.0 = Release|Any CPU
		{E5E6A7F8-A312-4489-A957-CAC0DF9738EC}.Debug|Any CPU.ActiveCfg = Debug|Any CPU
		{E5E6A7F8-A312-4489-A957-CAC0DF9738EC}.Debug|Any CPU.Build.0 = Debug|Any CPU
		{E5E6A7F8-A312-4489-A957-CAC0DF9738EC}.Release|Any CPU.ActiveCfg = Release|Any CPU
		{E5E6A7F8-A312-4489-A957-CAC0DF9738EC}.Release|Any CPU.Build.0 = Release|Any CPU
		{3AEE3BC9-32FA-446B-B523-A1729E6165BC}.Debug|Any CPU.ActiveCfg = Debug|Any CPU
		{3AEE3BC9-32FA-446B-B523-A1729E6165BC}.Debug|Any CPU.Build.0 = Debug|Any CPU
		{3AEE3BC9-32FA-446B-B523-A1729E6165BC}.Release|Any CPU.ActiveCfg = Release|Any CPU
		{3AEE3BC9-32FA-446B-B523-A1729E6165BC}.Release|Any CPU.Build.0 = Release|Any CPU
		{D5FFA362-307F-4112-AC68-6C7B1CE8FA72}.Debug|Any CPU.ActiveCfg = Debug|Any CPU
		{D5FFA362-307F-4112-AC68-6C7B1CE8FA72}.Debug|Any CPU.Build.0 = Debug|Any CPU
		{D5FFA362-307F-4112-AC68-6C7B1CE8FA72}.Release|Any CPU.ActiveCfg = Release|Any CPU
		{D5FFA362-307F-4112-AC68-6C7B1CE8FA72}.Release|Any CPU.Build.0 = Release|Any CPU
		{6B9C2561-9DF2-4F92-8DFE-BE499ADE4456}.Debug|Any CPU.ActiveCfg = Debug|Any CPU
		{6B9C2561-9DF2-4F92-8DFE-BE499ADE4456}.Debug|Any CPU.Build.0 = Debug|Any CPU
		{6B9C2561-9DF2-4F92-8DFE-BE499ADE4456}.Release|Any CPU.ActiveCfg = Release|Any CPU
		{6B9C2561-9DF2-4F92-8DFE-BE499ADE4456}.Release|Any CPU.Build.0 = Release|Any CPU
		{134081D3-A5A5-4055-B82B-B19AF4FB2D8B}.Debug|Any CPU.ActiveCfg = Debug|Any CPU
		{134081D3-A5A5-4055-B82B-B19AF4FB2D8B}.Debug|Any CPU.Build.0 = Debug|Any CPU
		{134081D3-A5A5-4055-B82B-B19AF4FB2D8B}.Release|Any CPU.ActiveCfg = Release|Any CPU
		{134081D3-A5A5-4055-B82B-B19AF4FB2D8B}.Release|Any CPU.Build.0 = Release|Any CPU
		{E8E6D30B-3211-4DA7-A76A-4651B30E3374}.Debug|Any CPU.ActiveCfg = Debug|Any CPU
		{E8E6D30B-3211-4DA7-A76A-4651B30E3374}.Debug|Any CPU.Build.0 = Debug|Any CPU
		{E8E6D30B-3211-4DA7-A76A-4651B30E3374}.Release|Any CPU.ActiveCfg = Release|Any CPU
		{E8E6D30B-3211-4DA7-A76A-4651B30E3374}.Release|Any CPU.Build.0 = Release|Any CPU
		{BD27636B-46AF-47CA-BC45-4732ED56287D}.Debug|Any CPU.ActiveCfg = Debug|Any CPU
		{BD27636B-46AF-47CA-BC45-4732ED56287D}.Debug|Any CPU.Build.0 = Debug|Any CPU
		{BD27636B-46AF-47CA-BC45-4732ED56287D}.Release|Any CPU.ActiveCfg = Release|Any CPU
		{BD27636B-46AF-47CA-BC45-4732ED56287D}.Release|Any CPU.Build.0 = Release|Any CPU
	EndGlobalSection
	GlobalSection(SolutionProperties) = preSolution
		HideSolutionNode = FALSE
	EndGlobalSection
EndGlobal
