
Microsoft Visual Studio Solution File, Format Version 12.00
# Visual Studio 2013
VisualStudioVersion = 12.0.30324.0
MinimumVisualStudioVersion = 10.0.40219.1
Project("{FAE04EC0-301F-11D3-BF4B-00C04F79EFBC}") = "GameMines", "GameMine\GameMines.csproj", "{139EA3CE-1C01-4077-A546-8C7D4400375B}"
EndProject
Project("{FAE04EC0-301F-11D3-BF4B-00C04F79EFBC}") = "1_ClassInClass", "1_ClassInClass\1_ClassInClass.csproj", "{C57488B8-7403-487B-A56E-05C390253D2E}"
EndProject
Project("{FAE04EC0-301F-11D3-BF4B-00C04F79EFBC}") = "2_Human", "2_Human\2_Human.csproj", "{47778F16-F863-4D06-9BAC-032A0AB6C5F3}"
EndProject
Project("{FAE04EC0-301F-11D3-BF4B-00C04F79EFBC}") = "3_JsRefactoring", "3_JsRefactoring\3_JsRefactoring.csproj", "{FFB000E4-3E50-4B0E-860C-F7FC7D45825A}"
EndProject
Global
	GlobalSection(SolutionConfigurationPlatforms) = preSolution
		Debug|Any CPU = Debug|Any CPU
		Release|Any CPU = Release|Any CPU
	EndGlobalSection
	GlobalSection(ProjectConfigurationPlatforms) = postSolution
		{139EA3CE-1C01-4077-A546-8C7D4400375B}.Debug|Any CPU.ActiveCfg = Debug|Any CPU
		{139EA3CE-1C01-4077-A546-8C7D4400375B}.Debug|Any CPU.Build.0 = Debug|Any CPU
		{139EA3CE-1C01-4077-A546-8C7D4400375B}.Release|Any CPU.ActiveCfg = Release|Any CPU
		{139EA3CE-1C01-4077-A546-8C7D4400375B}.Release|Any CPU.Build.0 = Release|Any CPU
		{C57488B8-7403-487B-A56E-05C390253D2E}.Debug|Any CPU.ActiveCfg = Debug|Any CPU
		{C57488B8-7403-487B-A56E-05C390253D2E}.Debug|Any CPU.Build.0 = Debug|Any CPU
		{C57488B8-7403-487B-A56E-05C390253D2E}.Release|Any CPU.ActiveCfg = Release|Any CPU
		{C57488B8-7403-487B-A56E-05C390253D2E}.Release|Any CPU.Build.0 = Release|Any CPU
		{47778F16-F863-4D06-9BAC-032A0AB6C5F3}.Debug|Any CPU.ActiveCfg = Debug|Any CPU
		{47778F16-F863-4D06-9BAC-032A0AB6C5F3}.Debug|Any CPU.Build.0 = Debug|Any CPU
		{47778F16-F863-4D06-9BAC-032A0AB6C5F3}.Release|Any CPU.ActiveCfg = Release|Any CPU
		{47778F16-F863-4D06-9BAC-032A0AB6C5F3}.Release|Any CPU.Build.0 = Release|Any CPU
		{FFB000E4-3E50-4B0E-860C-F7FC7D45825A}.Debug|Any CPU.ActiveCfg = Debug|Any CPU
		{FFB000E4-3E50-4B0E-860C-F7FC7D45825A}.Debug|Any CPU.Build.0 = Debug|Any CPU
		{FFB000E4-3E50-4B0E-860C-F7FC7D45825A}.Release|Any CPU.ActiveCfg = Release|Any CPU
		{FFB000E4-3E50-4B0E-860C-F7FC7D45825A}.Release|Any CPU.Build.0 = Release|Any CPU
	EndGlobalSection
	GlobalSection(SolutionProperties) = preSolution
		HideSolutionNode = FALSE
	EndGlobalSection
EndGlobal
