
Microsoft Visual Studio Solution File, Format Version 12.00
# Visual Studio 2013
VisualStudioVersion = 12.0.30501.0
MinimumVisualStudioVersion = 10.0.40219.1
Project("{FAE04EC0-301F-11D3-BF4B-00C04F79EFBC}") = "MongoDbChatWpfClient", "MongoDbChatWpfClient\MongoDbChatWpfClient.csproj", "{668242AA-9DE6-4AEE-AF3B-471FE04E3B0D}"
EndProject
Project("{FAE04EC0-301F-11D3-BF4B-00C04F79EFBC}") = "MongoDbData", "MongoDbData\MongoDbData.csproj", "{B6DAE781-FA90-4A85-8E8C-C5C1A3912AE1}"
EndProject
Global
	GlobalSection(SolutionConfigurationPlatforms) = preSolution
		Debug|Any CPU = Debug|Any CPU
		Release|Any CPU = Release|Any CPU
	EndGlobalSection
	GlobalSection(ProjectConfigurationPlatforms) = postSolution
		{668242AA-9DE6-4AEE-AF3B-471FE04E3B0D}.Debug|Any CPU.ActiveCfg = Debug|Any CPU
		{668242AA-9DE6-4AEE-AF3B-471FE04E3B0D}.Debug|Any CPU.Build.0 = Debug|Any CPU
		{668242AA-9DE6-4AEE-AF3B-471FE04E3B0D}.Release|Any CPU.ActiveCfg = Release|Any CPU
		{668242AA-9DE6-4AEE-AF3B-471FE04E3B0D}.Release|Any CPU.Build.0 = Release|Any CPU
		{B6DAE781-FA90-4A85-8E8C-C5C1A3912AE1}.Debug|Any CPU.ActiveCfg = Debug|Any CPU
		{B6DAE781-FA90-4A85-8E8C-C5C1A3912AE1}.Debug|Any CPU.Build.0 = Debug|Any CPU
		{B6DAE781-FA90-4A85-8E8C-C5C1A3912AE1}.Release|Any CPU.ActiveCfg = Release|Any CPU
		{B6DAE781-FA90-4A85-8E8C-C5C1A3912AE1}.Release|Any CPU.Build.0 = Release|Any CPU
	EndGlobalSection
	GlobalSection(SolutionProperties) = preSolution
		HideSolutionNode = FALSE
	EndGlobalSection
EndGlobal
