
Microsoft Visual Studio Solution File, Format Version 12.00
# Visual Studio 2013
VisualStudioVersion = 12.0.30501.0
MinimumVisualStudioVersion = 10.0.40219.1
Project("{FAE04EC0-301F-11D3-BF4B-00C04F79EFBC}") = "CarStore.Models", "CarStore.Models\CarStore.Models.csproj", "{5B47BCC0-5107-424C-AF27-F174C35FD928}"
EndProject
Project("{FAE04EC0-301F-11D3-BF4B-00C04F79EFBC}") = "CarStore.Data", "CarStore.Data\CarStore.Data.csproj", "{9CCD7D8B-2384-4A06-B392-E62FD10CE94F}"
EndProject
Project("{FAE04EC0-301F-11D3-BF4B-00C04F79EFBC}") = "CarStore.Importer", "CarStore.Importer\CarStore.Importer.csproj", "{64485E45-FD29-44FD-A684-785645C7BB34}"
EndProject
Global
	GlobalSection(SolutionConfigurationPlatforms) = preSolution
		Debug|Any CPU = Debug|Any CPU
		Release|Any CPU = Release|Any CPU
	EndGlobalSection
	GlobalSection(ProjectConfigurationPlatforms) = postSolution
		{5B47BCC0-5107-424C-AF27-F174C35FD928}.Debug|Any CPU.ActiveCfg = Debug|Any CPU
		{5B47BCC0-5107-424C-AF27-F174C35FD928}.Debug|Any CPU.Build.0 = Debug|Any CPU
		{5B47BCC0-5107-424C-AF27-F174C35FD928}.Release|Any CPU.ActiveCfg = Release|Any CPU
		{5B47BCC0-5107-424C-AF27-F174C35FD928}.Release|Any CPU.Build.0 = Release|Any CPU
		{9CCD7D8B-2384-4A06-B392-E62FD10CE94F}.Debug|Any CPU.ActiveCfg = Debug|Any CPU
		{9CCD7D8B-2384-4A06-B392-E62FD10CE94F}.Debug|Any CPU.Build.0 = Debug|Any CPU
		{9CCD7D8B-2384-4A06-B392-E62FD10CE94F}.Release|Any CPU.ActiveCfg = Release|Any CPU
		{9CCD7D8B-2384-4A06-B392-E62FD10CE94F}.Release|Any CPU.Build.0 = Release|Any CPU
		{64485E45-FD29-44FD-A684-785645C7BB34}.Debug|Any CPU.ActiveCfg = Debug|Any CPU
		{64485E45-FD29-44FD-A684-785645C7BB34}.Debug|Any CPU.Build.0 = Debug|Any CPU
		{64485E45-FD29-44FD-A684-785645C7BB34}.Release|Any CPU.ActiveCfg = Release|Any CPU
		{64485E45-FD29-44FD-A684-785645C7BB34}.Release|Any CPU.Build.0 = Release|Any CPU
	EndGlobalSection
	GlobalSection(SolutionProperties) = preSolution
		HideSolutionNode = FALSE
	EndGlobalSection
EndGlobal
