
Microsoft Visual Studio Solution File, Format Version 12.00
# Visual Studio 2013
VisualStudioVersion = 12.0.30501.0
MinimumVisualStudioVersion = 10.0.40219.1
Project("{FAE04EC0-301F-11D3-BF4B-00C04F79EFBC}") = "FillRandomData", "FillRandomData\FillRandomData.csproj", "{99CC595D-7591-4512-9A0F-EBCD8380CD38}"
EndProject
Project("{FAE04EC0-301F-11D3-BF4B-00C04F79EFBC}") = "DatabaseFirst.Data", "DatabaseFirst.Data\DatabaseFirst.Data.csproj", "{C0DAEF5E-C463-46C0-B5DF-C6A3235A6159}"
EndProject
Global
	GlobalSection(SolutionConfigurationPlatforms) = preSolution
		Debug|Any CPU = Debug|Any CPU
		Release|Any CPU = Release|Any CPU
	EndGlobalSection
	GlobalSection(ProjectConfigurationPlatforms) = postSolution
		{99CC595D-7591-4512-9A0F-EBCD8380CD38}.Debug|Any CPU.ActiveCfg = Debug|Any CPU
		{99CC595D-7591-4512-9A0F-EBCD8380CD38}.Debug|Any CPU.Build.0 = Debug|Any CPU
		{99CC595D-7591-4512-9A0F-EBCD8380CD38}.Release|Any CPU.ActiveCfg = Release|Any CPU
		{99CC595D-7591-4512-9A0F-EBCD8380CD38}.Release|Any CPU.Build.0 = Release|Any CPU
		{C0DAEF5E-C463-46C0-B5DF-C6A3235A6159}.Debug|Any CPU.ActiveCfg = Debug|Any CPU
		{C0DAEF5E-C463-46C0-B5DF-C6A3235A6159}.Debug|Any CPU.Build.0 = Debug|Any CPU
		{C0DAEF5E-C463-46C0-B5DF-C6A3235A6159}.Release|Any CPU.ActiveCfg = Release|Any CPU
		{C0DAEF5E-C463-46C0-B5DF-C6A3235A6159}.Release|Any CPU.Build.0 = Release|Any CPU
	EndGlobalSection
	GlobalSection(SolutionProperties) = preSolution
		HideSolutionNode = FALSE
	EndGlobalSection
EndGlobal
