
Microsoft Visual Studio Solution File, Format Version 12.00
# Visual Studio 2013
VisualStudioVersion = 12.0.30501.0
MinimumVisualStudioVersion = 10.0.40219.1
Project("{FAE04EC0-301F-11D3-BF4B-00C04F79EFBC}") = "JS_Applications", "JS_Applications\JS_Applications.csproj", "{A7A7AA1B-7FDD-4C7B-B1DE-A8EFB74F1209}"
EndProject
Project("{FAE04EC0-301F-11D3-BF4B-00C04F79EFBC}") = "jsAppExam", "jsAppExam\jsAppExam.csproj", "{8F5E1818-E734-412A-A14F-C9D5D4BC8982}"
EndProject
Global
	GlobalSection(SolutionConfigurationPlatforms) = preSolution
		Debug|Any CPU = Debug|Any CPU
		Release|Any CPU = Release|Any CPU
	EndGlobalSection
	GlobalSection(ProjectConfigurationPlatforms) = postSolution
		{A7A7AA1B-7FDD-4C7B-B1DE-A8EFB74F1209}.Debug|Any CPU.ActiveCfg = Debug|Any CPU
		{A7A7AA1B-7FDD-4C7B-B1DE-A8EFB74F1209}.Debug|Any CPU.Build.0 = Debug|Any CPU
		{A7A7AA1B-7FDD-4C7B-B1DE-A8EFB74F1209}.Release|Any CPU.ActiveCfg = Release|Any CPU
		{A7A7AA1B-7FDD-4C7B-B1DE-A8EFB74F1209}.Release|Any CPU.Build.0 = Release|Any CPU
		{8F5E1818-E734-412A-A14F-C9D5D4BC8982}.Debug|Any CPU.ActiveCfg = Debug|Any CPU
		{8F5E1818-E734-412A-A14F-C9D5D4BC8982}.Debug|Any CPU.Build.0 = Debug|Any CPU
		{8F5E1818-E734-412A-A14F-C9D5D4BC8982}.Release|Any CPU.ActiveCfg = Release|Any CPU
		{8F5E1818-E734-412A-A14F-C9D5D4BC8982}.Release|Any CPU.Build.0 = Release|Any CPU
	EndGlobalSection
	GlobalSection(SolutionProperties) = preSolution
		HideSolutionNode = FALSE
	EndGlobalSection
EndGlobal
